{
  "name": "sync-scroll-sandbox",
  "version": "1.0.0",
  "lockfileVersion": 1,
  "requires": true,
  "dependencies": {
    "fuse-operators": {
      "version": "0.1.0",
      "resolved": "https://registry.npmjs.org/fuse-operators/-/fuse-operators-0.1.0.tgz",
      "integrity": "sha512-Zu+Rap9z6NK/8R6E/ptkZ7GMRu7aQdeB86ur7T1mmBOMnlCz4+muUelKWpfDrVpJLTpyxujd9TDgD50He1Z+Pw==",
      "requires": {
        "fuse.js": "3.2.1",
        "lodash": "4.17.10"
      },
      "dependencies": {
        "lodash": {
          "version": "4.17.10",
          "resolved": "https://registry.npmjs.org/lodash/-/lodash-4.17.10.tgz",
          "integrity": "sha512-UejweD1pDoXu+AD825lWwp4ZGtSwgnpZxb3JDViD7StjQz+Nb/6l093lx4OQ0foGWNRoc19mWy7BzL+UAK2iVg=="
        }
      }
    },
    "fuse.js": {
      "version": "3.2.1",
      "resolved": "https://registry.npmjs.org/fuse.js/-/fuse.js-3.2.1.tgz",
      "integrity": "sha1-YyDLlM5W7JdVyJred1vNuwNY1CU="
    }
  }
}
